
Microsoft Visual Studio Solution File, Format Version 12.00
# Visual Studio Version 16
VisualStudioVersion = 16.0.30621.155
MinimumVisualStudioVersion = 10.0.40219.1
Project("{FAE04EC0-301F-11D3-BF4B-00C04F79EFBC}") = "Country Observer", "Country Observer\Country Observer.csproj", "{426350FF-C4AE-44C1-B052-00371835D1EB}"
EndProject
Project("{FAE04EC0-301F-11D3-BF4B-00C04F79EFBC}") = "CountryObserver.Tests", "CountryObserver.Tests\CountryObserver.Tests.csproj", "{ED07509F-7B96-41BA-8C25-3FD6EE907AA5}"
EndProject
Global
	GlobalSection(SolutionConfigurationPlatforms) = preSolution
		Debug|Any CPU = Debug|Any CPU
		Release|Any CPU = Release|Any CPU
	EndGlobalSection
	GlobalSection(ProjectConfigurationPlatforms) = postSolution
		{426350FF-C4AE-44C1-B052-00371835D1EB}.Debug|Any CPU.ActiveCfg = Debug|Any CPU
		{426350FF-C4AE-44C1-B052-00371835D1EB}.Debug|Any CPU.Build.0 = Debug|Any CPU
		{426350FF-C4AE-44C1-B052-00371835D1EB}.Release|Any CPU.ActiveCfg = Release|Any CPU
		{426350FF-C4AE-44C1-B052-00371835D1EB}.Release|Any CPU.Build.0 = Release|Any CPU
		{ED07509F-7B96-41BA-8C25-3FD6EE907AA5}.Debug|Any CPU.ActiveCfg = Debug|Any CPU
		{ED07509F-7B96-41BA-8C25-3FD6EE907AA5}.Debug|Any CPU.Build.0 = Debug|Any CPU
		{ED07509F-7B96-41BA-8C25-3FD6EE907AA5}.Release|Any CPU.ActiveCfg = Release|Any CPU
		{ED07509F-7B96-41BA-8C25-3FD6EE907AA5}.Release|Any CPU.Build.0 = Release|Any CPU
	EndGlobalSection
	GlobalSection(SolutionProperties) = preSolution
		HideSolutionNode = FALSE
	EndGlobalSection
	GlobalSection(ExtensibilityGlobals) = postSolution
		SolutionGuid = {8DE0890B-37DE-4708-B4F7-E48D5A8FDEBD}
	EndGlobalSection
EndGlobal
